// !$*UTF8*$!
{
	archiveVersion = 1;
	classes = {
	};
	objectVersion = 77;
	objects = {

/* Begin PBXBuildFile section */
		E42057F12EE21B8C00714362 /* Auth in Frameworks */ = {isa = PBXBuildFile; productRef = E42057F02EE21B8C00714362 /* Auth */; };
		E42057F32EE21B8C00714362 /* Functions in Frameworks */ = {isa = PBXBuildFile; productRef = E42057F22EE21B8C00714362 /* Functions */; };
		E42057F52EE21B8C00714362 /* PostgREST in Frameworks */ = {isa = PBXBuildFile; productRef = E42057F42EE21B8C00714362 /* PostgREST */; };
		E42057F72EE21B8C00714362 /* Realtime in Frameworks */ = {isa = PBXBuildFile; productRef = E42057F62EE21B8C00714362 /* Realtime */; };
		E42057F92EE21B8C00714362 /* Storage in Frameworks */ = {isa = PBXBuildFile; productRef = E42057F82EE21B8C00714362 /* Storage */; };
		E42057FC2EE21D6D00714362 /* Supabase in Frameworks */ = {isa = PBXBuildFile; productRef = E42057FB2EE21D6D00714362 /* Supabase */; };
/* End PBXBuildFile section */

/* Begin PBXContainerItemProxy section */
		E4142B3F2EDA54D500039617 /* PBXContainerItemProxy */ = {
			isa = PBXContainerItemProxy;
			containerPortal = E4142B292EDA54D400039617 /* Project object */;
			proxyType = 1;
			remoteGlobalIDString = E4142B302EDA54D400039617;
			remoteInfo = "morsel-reasturant";
		};
		E4142B492EDA54D500039617 /* PBXContainerItemProxy */ = {
			isa = PBXContainerItemProxy;
			containerPortal = E4142B292EDA54D400039617 /* Project object */;
			proxyType = 1;
			remoteGlobalIDString = E4142B302EDA54D400039617;
			remoteInfo = "morsel-reasturant";
		};
/* End PBXContainerItemProxy section */

/* Begin PBXFileReference section */
		E4142B312EDA54D400039617 /* morsel-reasturant.app */ = {isa = PBXFileReference; explicitFileType = wrapper.application; includeInIndex = 0; path = "morsel-reasturant.app"; sourceTree = BUILT_PRODUCTS_DIR; };
		E4142B3E2EDA54D500039617 /* morsel-reasturantTests.xctest */ = {isa = PBXFileReference; explicitFileType = wrapper.cfbundle; includeInIndex = 0; path = "morsel-reasturantTests.xctest"; sourceTree = BUILT_PRODUCTS_DIR; };
		E4142B482EDA54D500039617 /* morsel-reasturantUITests.xctest */ = {isa = PBXFileReference; explicitFileType = wrapper.cfbundle; includeInIndex = 0; path = "morsel-reasturantUITests.xctest"; sourceTree = BUILT_PRODUCTS_DIR; };
/* End PBXFileReference section */

/* Begin PBXFileSystemSynchronizedRootGroup section */
		E4142B332EDA54D400039617 /* morsel-reasturant */ = {
			isa = PBXFileSystemSynchronizedRootGroup;
			path = "morsel-reasturant";
			sourceTree = "<group>";
		};
		E4142B412EDA54D500039617 /* morsel-reasturantTests */ = {
			isa = PBXFileSystemSynchronizedRootGroup;
			path = "morsel-reasturantTests";
			sourceTree = "<group>";
		};
		E4142B4B2EDA54D500039617 /* morsel-reasturantUITests */ = {
			isa = PBXFileSystemSynchronizedRootGroup;
			path = "morsel-reasturantUITests";
			sourceTree = "<group>";
		};
/* End PBXFileSystemSynchronizedRootGroup section */

/* Begin PBXFrameworksBuildPhase section */
		E4142B2E2EDA54D400039617 /* Frameworks */ = {
			isa = PBXFrameworksBuildPhase;
			buildActionMask = 2147483647;
			files = (
				E42057F52EE21B8C00714362 /* PostgREST in Frameworks */,
				E42057F32EE21B8C00714362 /* Functions in Frameworks */,
				E42057FC2EE21D6D00714362 /* Supabase in Frameworks */,
				E42057F12EE21B8C00714362 /* Auth in Frameworks */,
				E42057F92EE21B8C00714362 /* Storage in Frameworks */,
				E42057F72EE21B8C00714362 /* Realtime in Frameworks */,
			);
			runOnlyForDeploymentPostprocessing = 0;
		};
		E4142B3B2EDA54D500039617 /* Frameworks */ = {
			isa = PBXFrameworksBuildPhase;
			buildActionMask = 2147483647;
			files = (
			);
			runOnlyForDeploymentPostprocessing = 0;
		};
		E4142B452EDA54D500039617 /* Frameworks */ = {
			isa = PBXFrameworksBuildPhase;
			buildActionMask = 2147483647;
			files = (
			);
			runOnlyForDeploymentPostprocessing = 0;
		};
/* End PBXFrameworksBuildPhase section */

/* Begin PBXGroup section */
		E4142B282EDA54D400039617 = {
			isa = PBXGroup;
			children = (
				E4142B332EDA54D400039617 /* morsel-reasturant */,
				E4142B412EDA54D500039617 /* morsel-reasturantTests */,
				E4142B4B2EDA54D500039617 /* morsel-reasturantUITests */,
				E42057FA2EE21D5A00714362 /* Frameworks */,
				E4142B322EDA54D400039617 /* Products */,
			);
			sourceTree = "<group>";
		};
		E4142B322EDA54D400039617 /* Products */ = {
			isa = PBXGroup;
			children = (
				E4142B312EDA54D400039617 /* morsel-reasturant.app */,
				E4142B3E2EDA54D500039617 /* morsel-reasturantTests.xctest */,
				E4142B482EDA54D500039617 /* morsel-reasturantUITests.xctest */,
			);
			name = Products;
			sourceTree = "<group>";
		};
		E42057FA2EE21D5A00714362 /* Frameworks */ = {
			isa = PBXGroup;
			children = (
			);
			name = Frameworks;
			sourceTree = "<group>";
		};
/* End PBXGroup section */

/* Begin PBXNativeTarget section */
		E4142B302EDA54D400039617 /* morsel-reasturant */ = {
			isa = PBXNativeTarget;
			buildConfigurationList = E4142B522EDA54D500039617 /* Build configuration list for PBXNativeTarget "morsel-reasturant" */;
			buildPhases = (
				E4142B2D2EDA54D400039617 /* Sources */,
				E4142B2E2EDA54D400039617 /* Frameworks */,
				E4142B2F2EDA54D400039617 /* Resources */,
			);
			buildRules = (
			);
			dependencies = (
			);
			fileSystemSynchronizedGroups = (
				E4142B332EDA54D400039617 /* morsel-reasturant */,
			);
			name = "morsel-reasturant";
			packageProductDependencies = (
				E42057F02EE21B8C00714362 /* Auth */,
				E42057F22EE21B8C00714362 /* Functions */,
				E42057F42EE21B8C00714362 /* PostgREST */,
				E42057F62EE21B8C00714362 /* Realtime */,
				E42057F82EE21B8C00714362 /* Storage */,
				E42057FB2EE21D6D00714362 /* Supabase */,
			);
			productName = "morsel-reasturant";
			productReference = E4142B312EDA54D400039617 /* morsel-reasturant.app */;
			productType = "com.apple.product-type.application";
		};
		E4142B3D2EDA54D500039617 /* morsel-reasturantTests */ = {
			isa = PBXNativeTarget;
			buildConfigurationList = E4142B552EDA54D500039617 /* Build configuration list for PBXNativeTarget "morsel-reasturantTests" */;
			buildPhases = (
				E4142B3A2EDA54D500039617 /* Sources */,
				E4142B3B2EDA54D500039617 /* Frameworks */,
				E4142B3C2EDA54D500039617 /* Resources */,
			);
			buildRules = (
			);
			dependencies = (
				E4142B402EDA54D500039617 /* PBXTargetDependency */,
			);
			fileSystemSynchronizedGroups = (
				E4142B412EDA54D500039617 /* morsel-reasturantTests */,
			);
			name = "morsel-reasturantTests";
			packageProductDependencies = (
			);
			productName = "morsel-reasturantTests";
			productReference = E4142B3E2EDA54D500039617 /* morsel-reasturantTests.xctest */;
			productType = "com.apple.product-type.bundle.unit-test";
		};
		E4142B472EDA54D500039617 /* morsel-reasturantUITests */ = {
			isa = PBXNativeTarget;
			buildConfigurationList = E4142B582EDA54D500039617 /* Build configuration list for PBXNativeTarget "morsel-reasturantUITests" */;
			buildPhases = (
				E4142B442EDA54D500039617 /* Sources */,
				E4142B452EDA54D500039617 /* Frameworks */,
				E4142B462EDA54D500039617 /* Resources */,
			);
			buildRules = (
			);
			dependencies = (
				E4142B4A2EDA54D500039617 /* PBXTargetDependency */,
			);
			fileSystemSynchronizedGroups = (
				E4142B4B2EDA54D500039617 /* morsel-reasturantUITests */,
			);
			name = "morsel-reasturantUITests";
			packageProductDependencies = (
			);
			productName = "morsel-reasturantUITests";
			productReference = E4142B482EDA54D500039617 /* morsel-reasturantUITests.xctest */;
			productType = "com.apple.product-type.bundle.ui-testing";
		};
/* End PBXNativeTarget section */

/* Begin PBXProject section */
		E4142B292EDA54D400039617 /* Project object */ = {
			isa = PBXProject;
			attributes = {
				BuildIndependentTargetsInParallel = 1;
				LastSwiftUpdateCheck = 2600;
				LastUpgradeCheck = 2600;
				TargetAttributes = {
					E4142B302EDA54D400039617 = {
						CreatedOnToolsVersion = 26.0.1;
					};
					E4142B3D2EDA54D500039617 = {
						CreatedOnToolsVersion = 26.0.1;
						TestTargetID = E4142B302EDA54D400039617;
					};
					E4142B472EDA54D500039617 = {
						CreatedOnToolsVersion = 26.0.1;
						TestTargetID = E4142B302EDA54D400039617;
					};
				};
			};
			buildConfigurationList = E4142B2C2EDA54D400039617 /* Build configuration list for PBXProject "morsel-reasturant" */;
			developmentRegion = en;
			hasScannedForEncodings = 0;
			knownRegions = (
				en,
				Base,
			);
			mainGroup = E4142B282EDA54D400039617;
			minimizedProjectReferenceProxies = 1;
			packageReferences = (
				E42057EF2EE2198F00714362 /* XCRemoteSwiftPackageReference "supabase-swift" */,
			);
			preferredProjectObjectVersion = 77;
			productRefGroup = E4142B322EDA54D400039617 /* Products */;
			projectDirPath = "";
			projectRoot = "";
			targets = (
				E4142B302EDA54D400039617 /* morsel-reasturant */,
				E4142B3D2EDA54D500039617 /* morsel-reasturantTests */,
				E4142B472EDA54D500039617 /* morsel-reasturantUITests */,
			);
		};
/* End PBXProject section */

/* Begin PBXResourcesBuildPhase section */
		E4142B2F2EDA54D400039617 /* Resources */ = {
			isa = PBXResourcesBuildPhase;
			buildActionMask = 2147483647;
			files = (
			);
			runOnlyForDeploymentPostprocessing = 0;
		};
		E4142B3C2EDA54D500039617 /* Resources */ = {
			isa = PBXResourcesBuildPhase;
			buildActionMask = 2147483647;
			files = (
			);
			runOnlyForDeploymentPostprocessing = 0;
		};
		E4142B462EDA54D500039617 /* Resources */ = {
			isa = PBXResourcesBuildPhase;
			buildActionMask = 2147483647;
			files = (
			);
			runOnlyForDeploymentPostprocessing = 0;
		};
/* End PBXResourcesBuildPhase section */

/* Begin PBXSourcesBuildPhase section */
		E4142B2D2EDA54D400039617 /* Sources */ = {
			isa = PBXSourcesBuildPhase;
			buildActionMask = 2147483647;
			files = (
			);
			runOnlyForDeploymentPostprocessing = 0;
		};
		E4142B3A2EDA54D500039617 /* Sources */ = {
			isa = PBXSourcesBuildPhase;
			buildActionMask = 2147483647;
			files = (
			);
			runOnlyForDeploymentPostprocessing = 0;
		};
		E4142B442EDA54D500039617 /* Sources */ = {
			isa = PBXSourcesBuildPhase;
			buildActionMask = 2147483647;
			files = (
			);
			runOnlyForDeploymentPostprocessing = 0;
		};
/* End PBXSourcesBuildPhase section */

/* Begin PBXTargetDependency section */
		E4142B402EDA54D500039617 /* PBXTargetDependency */ = {
			isa = PBXTargetDependency;
			target = E4142B302EDA54D400039617 /* morsel-reasturant */;
			targetProxy = E4142B3F2EDA54D500039617 /* PBXContainerItemProxy */;
		};
		E4142B4A2EDA54D500039617 /* PBXTargetDependency */ = {
			isa = PBXTargetDependency;
			target = E4142B302EDA54D400039617 /* morsel-reasturant */;
			targetProxy = E4142B492EDA54D500039617 /* PBXContainerItemProxy */;
		};
/* End PBXTargetDependency section */

/* Begin XCBuildConfiguration section */
		E4142B502EDA54D500039617 /* Debug */ = {
			isa = XCBuildConfiguration;
			buildSettings = {
				ALWAYS_SEARCH_USER_PATHS = NO;
				ASSETCATALOG_COMPILER_GENERATE_SWIFT_ASSET_SYMBOL_EXTENSIONS = YES;
				CLANG_ANALYZER_NONNULL = YES;
				CLANG_ANALYZER_NUMBER_OBJECT_CONVERSION = YES_AGGRESSIVE;
				CLANG_CXX_LANGUAGE_STANDARD = "gnu++20";
				CLANG_ENABLE_MODULES = YES;
				CLANG_ENABLE_OBJC_ARC = YES;
				CLANG_ENABLE_OBJC_WEAK = YES;
				CLANG_WARN_BLOCK_CAPTURE_AUTORELEASING = YES;
				CLANG_WARN_BOOL_CONVERSION = YES;
				CLANG_WARN_COMMA = YES;
				CLANG_WARN_CONSTANT_CONVERSION = YES;
				CLANG_WARN_DEPRECATED_OBJC_IMPLEMENTATIONS = YES;
				CLANG_WARN_DIRECT_OBJC_ISA_USAGE = YES_ERROR;
				CLANG_WARN_DOCUMENTATION_COMMENTS = YES;
				CLANG_WARN_EMPTY_BODY = YES;
				CLANG_WARN_ENUM_CONVERSION = YES;
				CLANG_WARN_INFINITE_RECURSION = YES;
				CLANG_WARN_INT_CONVERSION = YES;
				CLANG_WARN_NON_LITERAL_NULL_CONVERSION = YES;
				CLANG_WARN_OBJC_IMPLICIT_RETAIN_SELF = YES;
				CLANG_WARN_OBJC_LITERAL_CONVERSION = YES;
				CLANG_WARN_OBJC_ROOT_CLASS = YES_ERROR;
				CLANG_WARN_QUOTED_INCLUDE_IN_FRAMEWORK_HEADER = YES;
				CLANG_WARN_RANGE_LOOP_ANALYSIS = YES;
				CLANG_WARN_STRICT_PROTOTYPES = YES;
				CLANG_WARN_SUSPICIOUS_MOVE = YES;
				CLANG_WARN_UNGUARDED_AVAILABILITY = YES_AGGRESSIVE;
				CLANG_WARN_UNREACHABLE_CODE = YES;
				CLANG_WARN__DUPLICATE_METHOD_MATCH = YES;
				COPY_PHASE_STRIP = NO;
				DEBUG_INFORMATION_FORMAT = dwarf;
				ENABLE_STRICT_OBJC_MSGSEND = YES;
				ENABLE_TESTABILITY = YES;
				ENABLE_USER_SCRIPT_SANDBOXING = YES;
				GCC_C_LANGUAGE_STANDARD = gnu17;
				GCC_DYNAMIC_NO_PIC = NO;
				GCC_NO_COMMON_BLOCKS = YES;
				GCC_OPTIMIZATION_LEVEL = 0;
				GCC_PREPROCESSOR_DEFINITIONS = (
					"DEBUG=1",
					"$(inherited)",
				);
				GCC_WARN_64_TO_32_BIT_CONVERSION = YES;
				GCC_WARN_ABOUT_RETURN_TYPE = YES_ERROR;
				GCC_WARN_UNDECLARED_SELECTOR = YES;
				GCC_WARN_UNINITIALIZED_AUTOS = YES_AGGRESSIVE;
				GCC_WARN_UNUSED_FUNCTION = YES;
				GCC_WARN_UNUSED_VARIABLE = YES;
				IPHONEOS_DEPLOYMENT_TARGET = 26.0;
				LOCALIZATION_PREFERS_STRING_CATALOGS = YES;
				MTL_ENABLE_DEBUG_INFO = INCLUDE_SOURCE;
				MTL_FAST_MATH = YES;
				ONLY_ACTIVE_ARCH = YES;
				SDKROOT = iphoneos;
				SWIFT_ACTIVE_COMPILATION_CONDITIONS = "DEBUG $(inherited)";
				SWIFT_OPTIMIZATION_LEVEL = "-Onone";
			};
			name = Debug;
		};
		E4142B512EDA54D500039617 /* Release */ = {
			isa = XCBuildConfiguration;
			buildSettings = {
				ALWAYS_SEARCH_USER_PATHS = NO;
				ASSETCATALOG_COMPILER_GENERATE_SWIFT_ASSET_SYMBOL_EXTENSIONS = YES;
				CLANG_ANALYZER_NONNULL = YES;
				CLANG_ANALYZER_NUMBER_OBJECT_CONVERSION = YES_AGGRESSIVE;
				CLANG_CXX_LANGUAGE_STANDARD = "gnu++20";
				CLANG_ENABLE_MODULES = YES;
				CLANG_ENABLE_OBJC_ARC = YES;
				CLANG_ENABLE_OBJC_WEAK = YES;
				CLANG_WARN_BLOCK_CAPTURE_AUTORELEASING = YES;
				CLANG_WARN_BOOL_CONVERSION = YES;
				CLANG_WARN_COMMA = YES;
				CLANG_WARN_CONSTANT_CONVERSION = YES;
				CLANG_WARN_DEPRECATED_OBJC_IMPLEMENTATIONS = YES;
				CLANG_WARN_DIRECT_OBJC_ISA_USAGE = YES_ERROR;
				CLANG_WARN_DOCUMENTATION_COMMENTS = YES;
				CLANG_WARN_EMPTY_BODY = YES;
				CLANG_WARN_ENUM_CONVERSION = YES;
				CLANG_WARN_INFINITE_RECURSION = YES;
				CLANG_WARN_INT_CONVERSION = YES;
				CLANG_WARN_NON_LITERAL_NULL_CONVERSION = YES;
				CLANG_WARN_OBJC_IMPLICIT_RETAIN_SELF = YES;
				CLANG_WARN_OBJC_LITERAL_CONVERSION = YES;
				CLANG_WARN_OBJC_ROOT_CLASS = YES_ERROR;
				CLANG_WARN_QUOTED_INCLUDE_IN_FRAMEWORK_HEADER = YES;
				CLANG_WARN_RANGE_LOOP_ANALYSIS = YES;
				CLANG_WARN_STRICT_PROTOTYPES = YES;
				CLANG_WARN_SUSPICIOUS_MOVE = YES;
				CLANG_WARN_UNGUARDED_AVAILABILITY = YES_AGGRESSIVE;
				CLANG_WARN_UNREACHABLE_CODE = YES;
				CLANG_WARN__DUPLICATE_METHOD_MATCH = YES;
				COPY_PHASE_STRIP = NO;
				DEBUG_INFORMATION_FORMAT = "dwarf-with-dsym";
				ENABLE_NS_ASSERTIONS = NO;
				ENABLE_STRICT_OBJC_MSGSEND = YES;
				ENABLE_USER_SCRIPT_SANDBOXING = YES;
				GCC_C_LANGUAGE_STANDARD = gnu17;
				GCC_NO_COMMON_BLOCKS = YES;
				GCC_WARN_64_TO_32_BIT_CONVERSION = YES;
				GCC_WARN_ABOUT_RETURN_TYPE = YES_ERROR;
				GCC_WARN_UNDECLARED_SELECTOR = YES;
				GCC_WARN_UNINITIALIZED_AUTOS = YES_AGGRESSIVE;
				GCC_WARN_UNUSED_FUNCTION = YES;
				GCC_WARN_UNUSED_VARIABLE = YES;
				IPHONEOS_DEPLOYMENT_TARGET = 26.0;
				LOCALIZATION_PREFERS_STRING_CATALOGS = YES;
				MTL_ENABLE_DEBUG_INFO = NO;
				MTL_FAST_MATH = YES;
				SDKROOT = iphoneos;
				SWIFT_COMPILATION_MODE = wholemodule;
				VALIDATE_PRODUCT = YES;
			};
			name = Release;
		};
		E4142B532EDA54D500039617 /* Debug */ = {
			isa = XCBuildConfiguration;
			buildSettings = {
				ASSETCATALOG_COMPILER_APPICON_NAME = AppIcon;
				ASSETCATALOG_COMPILER_GLOBAL_ACCENT_COLOR_NAME = AccentColor;
				CODE_SIGN_STYLE = Automatic;
				CURRENT_PROJECT_VERSION = 1;
				ENABLE_PREVIEWS = YES;
				GENERATE_INFOPLIST_FILE = YES;
				INFOPLIST_KEY_UIApplicationSceneManifest_Generation = YES;
				INFOPLIST_KEY_UIApplicationSupportsIndirectInputEvents = YES;
				INFOPLIST_KEY_UILaunchScreen_Generation = YES;
				INFOPLIST_KEY_UISupportedInterfaceOrientations_iPad = "UIInterfaceOrientationPortrait UIInterfaceOrientationPortraitUpsideDown UIInterfaceOrientationLandscapeLeft UIInterfaceOrientationLandscapeRight";
				INFOPLIST_KEY_UISupportedInterfaceOrientations_iPhone = "UIInterfaceOrientationPortrait UIInterfaceOrientationLandscapeLeft UIInterfaceOrientationLandscapeRight";
				LD_RUNPATH_SEARCH_PATHS = (
					"$(inherited)",
					"@executable_path/Frameworks",
				);
				MARKETING_VERSION = 1.0;
				PRODUCT_BUNDLE_IDENTIFIER = "jopagaro.morsel-reasturant";
				PRODUCT_NAME = "$(TARGET_NAME)";
				STRING_CATALOG_GENERATE_SYMBOLS = YES;
				SWIFT_APPROACHABLE_CONCURRENCY = YES;
				SWIFT_DEFAULT_ACTOR_ISOLATION = MainActor;
				SWIFT_EMIT_LOC_STRINGS = YES;
				SWIFT_UPCOMING_FEATURE_MEMBER_IMPORT_VISIBILITY = YES;
				SWIFT_VERSION = 5.0;
				TARGETED_DEVICE_FAMILY = "1,2";
			};
			name = Debug;
		};
		E4142B542EDA54D500039617 /* Release */ = {
			isa = XCBuildConfiguration;
			buildSettings = {
				ASSETCATALOG_COMPILER_APPICON_NAME = AppIcon;
				ASSETCATALOG_COMPILER_GLOBAL_ACCENT_COLOR_NAME = AccentColor;
				CODE_SIGN_STYLE = Automatic;
				CURRENT_PROJECT_VERSION = 1;
				ENABLE_PREVIEWS = YES;
				GENERATE_INFOPLIST_FILE = YES;
				INFOPLIST_KEY_UIApplicationSceneManifest_Generation = YES;
				INFOPLIST_KEY_UIApplicationSupportsIndirectInputEvents = YES;
				INFOPLIST_KEY_UILaunchScreen_Generation = YES;
				INFOPLIST_KEY_UISupportedInterfaceOrientations_iPad = "UIInterfaceOrientationPortrait UIInterfaceOrientationPortraitUpsideDown UIInterfaceOrientationLandscapeLeft UIInterfaceOrientationLandscapeRight";
				INFOPLIST_KEY_UISupportedInterfaceOrientations_iPhone = "UIInterfaceOrientationPortrait UIInterfaceOrientationLandscapeLeft UIInterfaceOrientationLandscapeRight";
				LD_RUNPATH_SEARCH_PATHS = (
					"$(inherited)",
					"@executable_path/Frameworks",
				);
				MARKETING_VERSION = 1.0;
				PRODUCT_BUNDLE_IDENTIFIER = "jopagaro.morsel-reasturant";
				PRODUCT_NAME = "$(TARGET_NAME)";
				STRING_CATALOG_GENERATE_SYMBOLS = YES;
				SWIFT_APPROACHABLE_CONCURRENCY = YES;
				SWIFT_DEFAULT_ACTOR_ISOLATION = MainActor;
				SWIFT_EMIT_LOC_STRINGS = YES;
				SWIFT_UPCOMING_FEATURE_MEMBER_IMPORT_VISIBILITY = YES;
				SWIFT_VERSION = 5.0;
				TARGETED_DEVICE_FAMILY = "1,2";
			};
			name = Release;
		};
		E4142B562EDA54D500039617 /* Debug */ = {
			isa = XCBuildConfiguration;
			buildSettings = {
				BUNDLE_LOADER = "$(TEST_HOST)";
				CODE_SIGN_STYLE = Automatic;
				CURRENT_PROJECT_VERSION = 1;
				GENERATE_INFOPLIST_FILE = YES;
				IPHONEOS_DEPLOYMENT_TARGET = 26.0;
				MARKETING_VERSION = 1.0;
				PRODUCT_BUNDLE_IDENTIFIER = "jopagaro.morsel-reasturantTests";
				PRODUCT_NAME = "$(TARGET_NAME)";
				STRING_CATALOG_GENERATE_SYMBOLS = NO;
				SWIFT_APPROACHABLE_CONCURRENCY = YES;
				SWIFT_EMIT_LOC_STRINGS = NO;
				SWIFT_UPCOMING_FEATURE_MEMBER_IMPORT_VISIBILITY = YES;
				SWIFT_VERSION = 5.0;
				TARGETED_DEVICE_FAMILY = "1,2";
				TEST_HOST = "$(BUILT_PRODUCTS_DIR)/morsel-reasturant.app/$(BUNDLE_EXECUTABLE_FOLDER_PATH)/morsel-reasturant";
			};
			name = Debug;
		};
		E4142B572EDA54D500039617 /* Release */ = {
			isa = XCBuildConfiguration;
			buildSettings = {
				BUNDLE_LOADER = "$(TEST_HOST)";
				CODE_SIGN_STYLE = Automatic;
				CURRENT_PROJECT_VERSION = 1;
				GENERATE_INFOPLIST_FILE = YES;
				IPHONEOS_DEPLOYMENT_TARGET = 26.0;
				MARKETING_VERSION = 1.0;
				PRODUCT_BUNDLE_IDENTIFIER = "jopagaro.morsel-reasturantTests";
				PRODUCT_NAME = "$(TARGET_NAME)";
				STRING_CATALOG_GENERATE_SYMBOLS = NO;
				SWIFT_APPROACHABLE_CONCURRENCY = YES;
				SWIFT_EMIT_LOC_STRINGS = NO;
				SWIFT_UPCOMING_FEATURE_MEMBER_IMPORT_VISIBILITY = YES;
				SWIFT_VERSION = 5.0;
				TARGETED_DEVICE_FAMILY = "1,2";
				TEST_HOST = "$(BUILT_PRODUCTS_DIR)/morsel-reasturant.app/$(BUNDLE_EXECUTABLE_FOLDER_PATH)/morsel-reasturant";
			};
			name = Release;
		};
		E4142B592EDA54D500039617 /* Debug */ = {
			isa = XCBuildConfiguration;
			buildSettings = {
				CODE_SIGN_STYLE = Automatic;
				CURRENT_PROJECT_VERSION = 1;
				GENERATE_INFOPLIST_FILE = YES;
				MARKETING_VERSION = 1.0;
				PRODUCT_BUNDLE_IDENTIFIER = "jopagaro.morsel-reasturantUITests";
				PRODUCT_NAME = "$(TARGET_NAME)";
				STRING_CATALOG_GENERATE_SYMBOLS = NO;
				SWIFT_APPROACHABLE_CONCURRENCY = YES;
				SWIFT_EMIT_LOC_STRINGS = NO;
				SWIFT_UPCOMING_FEATURE_MEMBER_IMPORT_VISIBILITY = YES;
				SWIFT_VERSION = 5.0;
				TARGETED_DEVICE_FAMILY = "1,2";
				TEST_TARGET_NAME = "morsel-reasturant";
			};
			name = Debug;
		};
		E4142B5A2EDA54D500039617 /* Release */ = {
			isa = XCBuildConfiguration;
			buildSettings = {
				CODE_SIGN_STYLE = Automatic;
				CURRENT_PROJECT_VERSION = 1;
				GENERATE_INFOPLIST_FILE = YES;
				MARKETING_VERSION = 1.0;
				PRODUCT_BUNDLE_IDENTIFIER = "jopagaro.morsel-reasturantUITests";
				PRODUCT_NAME = "$(TARGET_NAME)";
				STRING_CATALOG_GENERATE_SYMBOLS = NO;
				SWIFT_APPROACHABLE_CONCURRENCY = YES;
				SWIFT_EMIT_LOC_STRINGS = NO;
				SWIFT_UPCOMING_FEATURE_MEMBER_IMPORT_VISIBILITY = YES;
				SWIFT_VERSION = 5.0;
				TARGETED_DEVICE_FAMILY = "1,2";
				TEST_TARGET_NAME = "morsel-reasturant";
			};
			name = Release;
		};
/* End XCBuildConfiguration section */

/* Begin XCConfigurationList section */
		E4142B2C2EDA54D400039617 /* Build configuration list for PBXProject "morsel-reasturant" */ = {
			isa = XCConfigurationList;
			buildConfigurations = (
				E4142B502EDA54D500039617 /* Debug */,
				E4142B512EDA54D500039617 /* Release */,
			);
			defaultConfigurationIsVisible = 0;
			defaultConfigurationName = Release;
		};
		E4142B522EDA54D500039617 /* Build configuration list for PBXNativeTarget "morsel-reasturant" */ = {
			isa = XCConfigurationList;
			buildConfigurations = (
				E4142B532EDA54D500039617 /* Debug */,
				E4142B542EDA54D500039617 /* Release */,
			);
			defaultConfigurationIsVisible = 0;
			defaultConfigurationName = Release;
		};
		E4142B552EDA54D500039617 /* Build configuration list for PBXNativeTarget "morsel-reasturantTests" */ = {
			isa = XCConfigurationList;
			buildConfigurations = (
				E4142B562EDA54D500039617 /* Debug */,
				E4142B572EDA54D500039617 /* Release */,
			);
			defaultConfigurationIsVisible = 0;
			defaultConfigurationName = Release;
		};
		E4142B582EDA54D500039617 /* Build configuration list for PBXNativeTarget "morsel-reasturantUITests" */ = {
			isa = XCConfigurationList;
			buildConfigurations = (
				E4142B592EDA54D500039617 /* Debug */,
				E4142B5A2EDA54D500039617 /* Release */,
			);
			defaultConfigurationIsVisible = 0;
			defaultConfigurationName = Release;
		};
/* End XCConfigurationList section */

/* Begin XCRemoteSwiftPackageReference section */
		E42057EF2EE2198F00714362 /* XCRemoteSwiftPackageReference "supabase-swift" */ = {
			isa = XCRemoteSwiftPackageReference;
			repositoryURL = "https://github.com/supabase-community/supabase-swift";
			requirement = {
				kind = upToNextMajorVersion;
				minimumVersion = 2.5.1;
			};
		};
/* End XCRemoteSwiftPackageReference section */

/* Begin XCSwiftPackageProductDependency section */
		E42057F02EE21B8C00714362 /* Auth */ = {
			isa = XCSwiftPackageProductDependency;
			package = E42057EF2EE2198F00714362 /* XCRemoteSwiftPackageReference "supabase-swift" */;
			productName = Auth;
		};
		E42057F22EE21B8C00714362 /* Functions */ = {
			isa = XCSwiftPackageProductDependency;
			package = E42057EF2EE2198F00714362 /* XCRemoteSwiftPackageReference "supabase-swift" */;
			productName = Functions;
		};
		E42057F42EE21B8C00714362 /* PostgREST */ = {
			isa = XCSwiftPackageProductDependency;
			package = E42057EF2EE2198F00714362 /* XCRemoteSwiftPackageReference "supabase-swift" */;
			productName = PostgREST;
		};
		E42057F62EE21B8C00714362 /* Realtime */ = {
			isa = XCSwiftPackageProductDependency;
			package = E42057EF2EE2198F00714362 /* XCRemoteSwiftPackageReference "supabase-swift" */;
			productName = Realtime;
		};
		E42057F82EE21B8C00714362 /* Storage */ = {
			isa = XCSwiftPackageProductDependency;
			package = E42057EF2EE2198F00714362 /* XCRemoteSwiftPackageReference "supabase-swift" */;
			productName = Storage;
		};
		E42057FB2EE21D6D00714362 /* Supabase */ = {
			isa = XCSwiftPackageProductDependency;
			package = E42057EF2EE2198F00714362 /* XCRemoteSwiftPackageReference "supabase-swift" */;
			productName = Supabase;
		};
/* End XCSwiftPackageProductDependency section */
	};
	rootObject = E4142B292EDA54D400039617 /* Project object */;
}
